
Microsoft Visual Studio Solution File, Format Version 12.00
# Visual Studio Version 17
VisualStudioVersion = 17.5.002.0
MinimumVisualStudioVersion = 10.0.40219.1
Project("{9A19103F-16F7-4668-BE54-9A1E7A4F7556}") = "Proyecto Tablero de Ajedrez", "Proyecto Tablero de Ajedrez.csproj", "{AF116CBC-71A6-451B-B101-13868E557D2C}"
EndProject
Global
	GlobalSection(SolutionConfigurationPlatforms) = preSolution
		Debug|Any CPU = Debug|Any CPU
		Release|Any CPU = Release|Any CPU
	EndGlobalSection
	GlobalSection(ProjectConfigurationPlatforms) = postSolution
		{AF116CBC-71A6-451B-B101-13868E557D2C}.Debug|Any CPU.ActiveCfg = Debug|Any CPU
		{AF116CBC-71A6-451B-B101-13868E557D2C}.Debug|Any CPU.Build.0 = Debug|Any CPU
		{AF116CBC-71A6-451B-B101-13868E557D2C}.Release|Any CPU.ActiveCfg = Release|Any CPU
		{AF116CBC-71A6-451B-B101-13868E557D2C}.Release|Any CPU.Build.0 = Release|Any CPU
	EndGlobalSection
	GlobalSection(SolutionProperties) = preSolution
		HideSolutionNode = FALSE
	EndGlobalSection
	GlobalSection(ExtensibilityGlobals) = postSolution
		SolutionGuid = {FAC62E6D-D043-4033-BF67-68F58C5A0108}
	EndGlobalSection
EndGlobal
